
Microsoft Visual Studio Solution File, Format Version 11.00
# Visual Studio 2010
Project("{FAE04EC0-301F-11D3-BF4B-00C04F79EFBC}") = "TurkeySmash", "TurkeySmash\TurkeySmash.csproj", "{792553FB-0E95-4323-ACB0-5A0F0DB5C80F}"
EndProject
Project("{FAE04EC0-301F-11D3-BF4B-00C04F79EFBC}") = "TurkeySmashContent", "TurkeySmashContent\TurkeySmashContent.contentproj", "{887346CD-7CA0-425C-919D-8E43777D859D}"
EndProject
Project("{FAE04EC0-301F-11D3-BF4B-00C04F79EFBC}") = "Farseer Physics XNA", "Farseer Physics Engine 3.3.1 Samples XNA\Farseer Physics Engine 3.3 XNA\Farseer Physics XNA.csproj", "{0A850700-1ABB-4288-A391-6726B90EBEB9}"
EndProject
Project("{FAE04EC0-301F-11D3-BF4B-00C04F79EFBC}") = "Libraries", "Libraries\Libraries.csproj", "{CDE8AC81-D481-427A-81B3-62F690DA0F17}"
EndProject
Project("{FAE04EC0-301F-11D3-BF4B-00C04F79EFBC}") = "ContentPipelineExtension", "ContentPipelineExtension\ContentPipelineExtension.csproj", "{54BB1CB2-3BC0-473B-853F-E97197D4BF31}"
EndProject
Global
	GlobalSection(SolutionConfigurationPlatforms) = preSolution
		Debug|Any CPU = Debug|Any CPU
		Debug|Mixed Platforms = Debug|Mixed Platforms
		Debug|x86 = Debug|x86
		Debug|Xbox 360 = Debug|Xbox 360
		Release|Any CPU = Release|Any CPU
		Release|Mixed Platforms = Release|Mixed Platforms
		Release|x86 = Release|x86
		Release|Xbox 360 = Release|Xbox 360
	EndGlobalSection
	GlobalSection(ProjectConfigurationPlatforms) = postSolution
		{792553FB-0E95-4323-ACB0-5A0F0DB5C80F}.Debug|Any CPU.ActiveCfg = Debug|x86
		{792553FB-0E95-4323-ACB0-5A0F0DB5C80F}.Debug|Mixed Platforms.ActiveCfg = Debug|x86
		{792553FB-0E95-4323-ACB0-5A0F0DB5C80F}.Debug|Mixed Platforms.Build.0 = Debug|x86
		{792553FB-0E95-4323-ACB0-5A0F0DB5C80F}.Debug|x86.ActiveCfg = Debug|x86
		{792553FB-0E95-4323-ACB0-5A0F0DB5C80F}.Debug|x86.Build.0 = Debug|x86
		{792553FB-0E95-4323-ACB0-5A0F0DB5C80F}.Debug|Xbox 360.ActiveCfg = Debug|x86
		{792553FB-0E95-4323-ACB0-5A0F0DB5C80F}.Release|Any CPU.ActiveCfg = Release|x86
		{792553FB-0E95-4323-ACB0-5A0F0DB5C80F}.Release|Mixed Platforms.ActiveCfg = Release|x86
		{792553FB-0E95-4323-ACB0-5A0F0DB5C80F}.Release|Mixed Platforms.Build.0 = Release|x86
		{792553FB-0E95-4323-ACB0-5A0F0DB5C80F}.Release|x86.ActiveCfg = Release|x86
		{792553FB-0E95-4323-ACB0-5A0F0DB5C80F}.Release|x86.Build.0 = Release|x86
		{792553FB-0E95-4323-ACB0-5A0F0DB5C80F}.Release|Xbox 360.ActiveCfg = Release|x86
		{887346CD-7CA0-425C-919D-8E43777D859D}.Debug|Any CPU.ActiveCfg = Debug|x86
		{887346CD-7CA0-425C-919D-8E43777D859D}.Debug|Mixed Platforms.ActiveCfg = Debug|x86
		{887346CD-7CA0-425C-919D-8E43777D859D}.Debug|x86.ActiveCfg = Debug|x86
		{887346CD-7CA0-425C-919D-8E43777D859D}.Debug|Xbox 360.ActiveCfg = Debug|x86
		{887346CD-7CA0-425C-919D-8E43777D859D}.Release|Any CPU.ActiveCfg = Release|x86
		{887346CD-7CA0-425C-919D-8E43777D859D}.Release|Mixed Platforms.ActiveCfg = Release|x86
		{887346CD-7CA0-425C-919D-8E43777D859D}.Release|x86.ActiveCfg = Release|x86
		{887346CD-7CA0-425C-919D-8E43777D859D}.Release|Xbox 360.ActiveCfg = Release|x86
		{0A850700-1ABB-4288-A391-6726B90EBEB9}.Debug|Any CPU.ActiveCfg = Debug|x86
		{0A850700-1ABB-4288-A391-6726B90EBEB9}.Debug|Mixed Platforms.ActiveCfg = Debug|x86
		{0A850700-1ABB-4288-A391-6726B90EBEB9}.Debug|Mixed Platforms.Build.0 = Debug|x86
		{0A850700-1ABB-4288-A391-6726B90EBEB9}.Debug|x86.ActiveCfg = Debug|x86
		{0A850700-1ABB-4288-A391-6726B90EBEB9}.Debug|x86.Build.0 = Debug|x86
		{0A850700-1ABB-4288-A391-6726B90EBEB9}.Debug|Xbox 360.ActiveCfg = Debug|x86
		{0A850700-1ABB-4288-A391-6726B90EBEB9}.Release|Any CPU.ActiveCfg = Release|x86
		{0A850700-1ABB-4288-A391-6726B90EBEB9}.Release|Mixed Platforms.ActiveCfg = Release|x86
		{0A850700-1ABB-4288-A391-6726B90EBEB9}.Release|Mixed Platforms.Build.0 = Release|x86
		{0A850700-1ABB-4288-A391-6726B90EBEB9}.Release|x86.ActiveCfg = Release|x86
		{0A850700-1ABB-4288-A391-6726B90EBEB9}.Release|x86.Build.0 = Release|x86
		{0A850700-1ABB-4288-A391-6726B90EBEB9}.Release|Xbox 360.ActiveCfg = Release|x86
		{CDE8AC81-D481-427A-81B3-62F690DA0F17}.Debug|Any CPU.ActiveCfg = Debug|x86
		{CDE8AC81-D481-427A-81B3-62F690DA0F17}.Debug|Mixed Platforms.ActiveCfg = Debug|x86
		{CDE8AC81-D481-427A-81B3-62F690DA0F17}.Debug|Mixed Platforms.Build.0 = Debug|x86
		{CDE8AC81-D481-427A-81B3-62F690DA0F17}.Debug|x86.ActiveCfg = Debug|x86
		{CDE8AC81-D481-427A-81B3-62F690DA0F17}.Debug|x86.Build.0 = Debug|x86
		{CDE8AC81-D481-427A-81B3-62F690DA0F17}.Debug|Xbox 360.ActiveCfg = Debug|x86
		{CDE8AC81-D481-427A-81B3-62F690DA0F17}.Release|Any CPU.ActiveCfg = Release|x86
		{CDE8AC81-D481-427A-81B3-62F690DA0F17}.Release|Mixed Platforms.ActiveCfg = Release|x86
		{CDE8AC81-D481-427A-81B3-62F690DA0F17}.Release|Mixed Platforms.Build.0 = Release|x86
		{CDE8AC81-D481-427A-81B3-62F690DA0F17}.Release|x86.ActiveCfg = Release|x86
		{CDE8AC81-D481-427A-81B3-62F690DA0F17}.Release|x86.Build.0 = Release|x86
		{CDE8AC81-D481-427A-81B3-62F690DA0F17}.Release|Xbox 360.ActiveCfg = Release|x86
		{54BB1CB2-3BC0-473B-853F-E97197D4BF31}.Debug|Any CPU.ActiveCfg = Debug|x86
		{54BB1CB2-3BC0-473B-853F-E97197D4BF31}.Debug|Any CPU.Build.0 = Debug|x86
		{54BB1CB2-3BC0-473B-853F-E97197D4BF31}.Debug|Mixed Platforms.ActiveCfg = Debug|x86
		{54BB1CB2-3BC0-473B-853F-E97197D4BF31}.Debug|Mixed Platforms.Build.0 = Debug|x86
		{54BB1CB2-3BC0-473B-853F-E97197D4BF31}.Debug|x86.ActiveCfg = Debug|x86
		{54BB1CB2-3BC0-473B-853F-E97197D4BF31}.Debug|x86.Build.0 = Debug|x86
		{54BB1CB2-3BC0-473B-853F-E97197D4BF31}.Debug|Xbox 360.ActiveCfg = Debug|x86
		{54BB1CB2-3BC0-473B-853F-E97197D4BF31}.Debug|Xbox 360.Build.0 = Debug|x86
		{54BB1CB2-3BC0-473B-853F-E97197D4BF31}.Release|Any CPU.ActiveCfg = Debug|x86
		{54BB1CB2-3BC0-473B-853F-E97197D4BF31}.Release|Any CPU.Build.0 = Debug|x86
		{54BB1CB2-3BC0-473B-853F-E97197D4BF31}.Release|Mixed Platforms.ActiveCfg = Debug|x86
		{54BB1CB2-3BC0-473B-853F-E97197D4BF31}.Release|Mixed Platforms.Build.0 = Debug|x86
		{54BB1CB2-3BC0-473B-853F-E97197D4BF31}.Release|x86.ActiveCfg = Debug|x86
		{54BB1CB2-3BC0-473B-853F-E97197D4BF31}.Release|x86.Build.0 = Debug|x86
		{54BB1CB2-3BC0-473B-853F-E97197D4BF31}.Release|Xbox 360.ActiveCfg = Debug|x86
		{54BB1CB2-3BC0-473B-853F-E97197D4BF31}.Release|Xbox 360.Build.0 = Debug|x86
	EndGlobalSection
	GlobalSection(SolutionProperties) = preSolution
		HideSolutionNode = FALSE
	EndGlobalSection
EndGlobal
